
Microsoft Visual Studio Solution File, Format Version 12.00
# Visual Studio 15
VisualStudioVersion = 15.0.27703.2047
MinimumVisualStudioVersion = 10.0.40219.1
Project("{FAE04EC0-301F-11D3-BF4B-00C04F79EFBC}") = "01.DefineAnInterfaceIPerson", "01.DefineAnInterfaceIPerson\01.DefineAnInterfaceIPerson.csproj", "{505392AB-96BE-4443-910C-B7C4B3DDB17D}"
EndProject
Project("{FAE04EC0-301F-11D3-BF4B-00C04F79EFBC}") = "02.MultipleImplementation", "02.MultipleImplementation\02.MultipleImplementation.csproj", "{197546A3-8CD5-47EE-B81D-14F7B19A5007}"
EndProject
Project("{FAE04EC0-301F-11D3-BF4B-00C04F79EFBC}") = "03.Ferrari", "03.Ferrari\03.Ferrari.csproj", "{B7CE4E9C-E11C-4BF0-93F4-693D9AAFB01C}"
EndProject
Project("{FAE04EC0-301F-11D3-BF4B-00C04F79EFBC}") = "04.Telephony", "04.Telephony\04.Telephony.csproj", "{93DA71FD-C7E5-44E1-8940-5A846EB8B5C7}"
EndProject
Project("{FAE04EC0-301F-11D3-BF4B-00C04F79EFBC}") = "05.BorderControl", "05.BorderControl\05.BorderControl.csproj", "{DA639193-C563-4399-8B15-024A8DBC448D}"
EndProject
Global
	GlobalSection(SolutionConfigurationPlatforms) = preSolution
		Debug|Any CPU = Debug|Any CPU
		Release|Any CPU = Release|Any CPU
	EndGlobalSection
	GlobalSection(ProjectConfigurationPlatforms) = postSolution
		{505392AB-96BE-4443-910C-B7C4B3DDB17D}.Debug|Any CPU.ActiveCfg = Debug|Any CPU
		{505392AB-96BE-4443-910C-B7C4B3DDB17D}.Debug|Any CPU.Build.0 = Debug|Any CPU
		{505392AB-96BE-4443-910C-B7C4B3DDB17D}.Release|Any CPU.ActiveCfg = Release|Any CPU
		{505392AB-96BE-4443-910C-B7C4B3DDB17D}.Release|Any CPU.Build.0 = Release|Any CPU
		{197546A3-8CD5-47EE-B81D-14F7B19A5007}.Debug|Any CPU.ActiveCfg = Debug|Any CPU
		{197546A3-8CD5-47EE-B81D-14F7B19A5007}.Debug|Any CPU.Build.0 = Debug|Any CPU
		{197546A3-8CD5-47EE-B81D-14F7B19A5007}.Release|Any CPU.ActiveCfg = Release|Any CPU
		{197546A3-8CD5-47EE-B81D-14F7B19A5007}.Release|Any CPU.Build.0 = Release|Any CPU
		{B7CE4E9C-E11C-4BF0-93F4-693D9AAFB01C}.Debug|Any CPU.ActiveCfg = Debug|Any CPU
		{B7CE4E9C-E11C-4BF0-93F4-693D9AAFB01C}.Debug|Any CPU.Build.0 = Debug|Any CPU
		{B7CE4E9C-E11C-4BF0-93F4-693D9AAFB01C}.Release|Any CPU.ActiveCfg = Release|Any CPU
		{B7CE4E9C-E11C-4BF0-93F4-693D9AAFB01C}.Release|Any CPU.Build.0 = Release|Any CPU
		{93DA71FD-C7E5-44E1-8940-5A846EB8B5C7}.Debug|Any CPU.ActiveCfg = Debug|Any CPU
		{93DA71FD-C7E5-44E1-8940-5A846EB8B5C7}.Debug|Any CPU.Build.0 = Debug|Any CPU
		{93DA71FD-C7E5-44E1-8940-5A846EB8B5C7}.Release|Any CPU.ActiveCfg = Release|Any CPU
		{93DA71FD-C7E5-44E1-8940-5A846EB8B5C7}.Release|Any CPU.Build.0 = Release|Any CPU
		{DA639193-C563-4399-8B15-024A8DBC448D}.Debug|Any CPU.ActiveCfg = Debug|Any CPU
		{DA639193-C563-4399-8B15-024A8DBC448D}.Debug|Any CPU.Build.0 = Debug|Any CPU
		{DA639193-C563-4399-8B15-024A8DBC448D}.Release|Any CPU.ActiveCfg = Release|Any CPU
		{DA639193-C563-4399-8B15-024A8DBC448D}.Release|Any CPU.Build.0 = Release|Any CPU
	EndGlobalSection
	GlobalSection(SolutionProperties) = preSolution
		HideSolutionNode = FALSE
	EndGlobalSection
	GlobalSection(ExtensibilityGlobals) = postSolution
		SolutionGuid = {BBE9A59E-DEDD-49AC-8BB0-4F39B7418367}
	EndGlobalSection
EndGlobal
